// !$*UTF8*$!
{
	archiveVersion = 1;
	classes = {
	};
	objectVersion = 46;
	objects = {

/* Begin PBXBuildFile section */
		C3A345989E860DAFF43BDB72 /* Pods_TwitterClone.framework in Frameworks */ = {isa = PBXBuildFile; fileRef = 3D72A1ED94340A564D7CCDEC /* Pods_TwitterClone.framework */; };
		D950AAED1E66AE2100226052 /* AppDelegate.swift in Sources */ = {isa = PBXBuildFile; fileRef = D950AAEC1E66AE2100226052 /* AppDelegate.swift */; };
		D950AAF21E66AE2100226052 /* Main.storyboard in Resources */ = {isa = PBXBuildFile; fileRef = D950AAF01E66AE2100226052 /* Main.storyboard */; };
		D950AAF41E66AE2100226052 /* Assets.xcassets in Resources */ = {isa = PBXBuildFile; fileRef = D950AAF31E66AE2100226052 /* Assets.xcassets */; };
		D950AAF71E66AE2100226052 /* LaunchScreen.storyboard in Resources */ = {isa = PBXBuildFile; fileRef = D950AAF51E66AE2100226052 /* LaunchScreen.storyboard */; };
		D950AAFF1E66AEED00226052 /* LoginController.swift in Sources */ = {isa = PBXBuildFile; fileRef = D950AAFE1E66AEED00226052 /* LoginController.swift */; };
		D950AB011E68106600226052 /* TwitterClient.swift in Sources */ = {isa = PBXBuildFile; fileRef = D950AB001E68106600226052 /* TwitterClient.swift */; };
/* End PBXBuildFile section */

/* Begin PBXFileReference section */
		3D72A1ED94340A564D7CCDEC /* Pods_TwitterClone.framework */ = {isa = PBXFileReference; explicitFileType = wrapper.framework; includeInIndex = 0; path = Pods_TwitterClone.framework; sourceTree = BUILT_PRODUCTS_DIR; };
		6BC03AE985C754466D19C8B7 /* Pods-TwitterClone.debug.xcconfig */ = {isa = PBXFileReference; includeInIndex = 1; lastKnownFileType = text.xcconfig; name = "Pods-TwitterClone.debug.xcconfig"; path = "Pods/Target Support Files/Pods-TwitterClone/Pods-TwitterClone.debug.xcconfig"; sourceTree = "<group>"; };
		6C631EFD601D56207AFEACFA /* Pods-TwitterClone.release.xcconfig */ = {isa = PBXFileReference; includeInIndex = 1; lastKnownFileType = text.xcconfig; name = "Pods-TwitterClone.release.xcconfig"; path = "Pods/Target Support Files/Pods-TwitterClone/Pods-TwitterClone.release.xcconfig"; sourceTree = "<group>"; };
		D950AAE91E66AE2100226052 /* TwitterClone.app */ = {isa = PBXFileReference; explicitFileType = wrapper.application; includeInIndex = 0; path = TwitterClone.app; sourceTree = BUILT_PRODUCTS_DIR; };
		D950AAEC1E66AE2100226052 /* AppDelegate.swift */ = {isa = PBXFileReference; lastKnownFileType = sourcecode.swift; path = AppDelegate.swift; sourceTree = "<group>"; };
		D950AAF11E66AE2100226052 /* Base */ = {isa = PBXFileReference; lastKnownFileType = file.storyboard; name = Base; path = Base.lproj/Main.storyboard; sourceTree = "<group>"; };
		D950AAF31E66AE2100226052 /* Assets.xcassets */ = {isa = PBXFileReference; lastKnownFileType = folder.assetcatalog; path = Assets.xcassets; sourceTree = "<group>"; };
		D950AAF61E66AE2100226052 /* Base */ = {isa = PBXFileReference; lastKnownFileType = file.storyboard; name = Base; path = Base.lproj/LaunchScreen.storyboard; sourceTree = "<group>"; };
		D950AAF81E66AE2100226052 /* Info.plist */ = {isa = PBXFileReference; lastKnownFileType = text.plist.xml; path = Info.plist; sourceTree = "<group>"; };
		D950AAFE1E66AEED00226052 /* LoginController.swift */ = {isa = PBXFileReference; fileEncoding = 4; lastKnownFileType = sourcecode.swift; path = LoginController.swift; sourceTree = "<group>"; };
		D950AB001E68106600226052 /* TwitterClient.swift */ = {isa = PBXFileReference; fileEncoding = 4; lastKnownFileType = sourcecode.swift; path = TwitterClient.swift; sourceTree = "<group>"; };
/* End PBXFileReference section */

/* Begin PBXFrameworksBuildPhase section */
		D950AAE61E66AE2000226052 /* Frameworks */ = {
			isa = PBXFrameworksBuildPhase;
			buildActionMask = 2147483647;
			files = (
				C3A345989E860DAFF43BDB72 /* Pods_TwitterClone.framework in Frameworks */,
			);
			runOnlyForDeploymentPostprocessing = 0;
		};
/* End PBXFrameworksBuildPhase section */

/* Begin PBXGroup section */
		386F18953495D570CF090EA0 /* Pods */ = {
			isa = PBXGroup;
			children = (
				6BC03AE985C754466D19C8B7 /* Pods-TwitterClone.debug.xcconfig */,
				6C631EFD601D56207AFEACFA /* Pods-TwitterClone.release.xcconfig */,
			);
			name = Pods;
			sourceTree = "<group>";
		};
		863718883BFD24E5063E6571 /* Frameworks */ = {
			isa = PBXGroup;
			children = (
				3D72A1ED94340A564D7CCDEC /* Pods_TwitterClone.framework */,
			);
			name = Frameworks;
			sourceTree = "<group>";
		};
		D950AAE01E66AE2000226052 = {
			isa = PBXGroup;
			children = (
				D950AAEB1E66AE2100226052 /* TwitterClone */,
				D950AAEA1E66AE2100226052 /* Products */,
				386F18953495D570CF090EA0 /* Pods */,
				863718883BFD24E5063E6571 /* Frameworks */,
			);
			sourceTree = "<group>";
		};
		D950AAEA1E66AE2100226052 /* Products */ = {
			isa = PBXGroup;
			children = (
				D950AAE91E66AE2100226052 /* TwitterClone.app */,
			);
			name = Products;
			sourceTree = "<group>";
		};
		D950AAEB1E66AE2100226052 /* TwitterClone */ = {
			isa = PBXGroup;
			children = (
				D950AAEC1E66AE2100226052 /* AppDelegate.swift */,
				D950AB001E68106600226052 /* TwitterClient.swift */,
				D950AAF01E66AE2100226052 /* Main.storyboard */,
				D950AAFE1E66AEED00226052 /* LoginController.swift */,
				D950AAF31E66AE2100226052 /* Assets.xcassets */,
				D950AAF51E66AE2100226052 /* LaunchScreen.storyboard */,
				D950AAF81E66AE2100226052 /* Info.plist */,
			);
			path = TwitterClone;
			sourceTree = "<group>";
		};
/* End PBXGroup section */

/* Begin PBXNativeTarget section */
		D950AAE81E66AE2000226052 /* TwitterClone */ = {
			isa = PBXNativeTarget;
			buildConfigurationList = D950AAFB1E66AE2100226052 /* Build configuration list for PBXNativeTarget "TwitterClone" */;
			buildPhases = (
				15FE9FA5F835D0D0AE4FC301 /* [CP] Check Pods Manifest.lock */,
				D950AAE51E66AE2000226052 /* Sources */,
				D950AAE61E66AE2000226052 /* Frameworks */,
				D950AAE71E66AE2000226052 /* Resources */,
				E0B342872BDF67C18474E73E /* [CP] Embed Pods Frameworks */,
				03E5CDBDCA6BB93FCA6A8C52 /* [CP] Copy Pods Resources */,
			);
			buildRules = (
			);
			dependencies = (
			);
			name = TwitterClone;
			productName = TwitterClone;
			productReference = D950AAE91E66AE2100226052 /* TwitterClone.app */;
			productType = "com.apple.product-type.application";
		};
/* End PBXNativeTarget section */

/* Begin PBXProject section */
		D950AAE11E66AE2000226052 /* Project object */ = {
			isa = PBXProject;
			attributes = {
				LastSwiftUpdateCheck = 0820;
				LastUpgradeCheck = 0820;
				ORGANIZATIONNAME = vulong;
				TargetAttributes = {
					D950AAE81E66AE2000226052 = {
						CreatedOnToolsVersion = 8.2.1;
						DevelopmentTeam = D7RX787JDX;
						ProvisioningStyle = Automatic;
					};
				};
			};
			buildConfigurationList = D950AAE41E66AE2000226052 /* Build configuration list for PBXProject "TwitterClone" */;
			compatibilityVersion = "Xcode 3.2";
			developmentRegion = English;
			hasScannedForEncodings = 0;
			knownRegions = (
				en,
				Base,
			);
			mainGroup = D950AAE01E66AE2000226052;
			productRefGroup = D950AAEA1E66AE2100226052 /* Products */;
			projectDirPath = "";
			projectRoot = "";
			targets = (
				D950AAE81E66AE2000226052 /* TwitterClone */,
			);
		};
/* End PBXProject section */

/* Begin PBXResourcesBuildPhase section */
		D950AAE71E66AE2000226052 /* Resources */ = {
			isa = PBXResourcesBuildPhase;
			buildActionMask = 2147483647;
			files = (
				D950AAF71E66AE2100226052 /* LaunchScreen.storyboard in Resources */,
				D950AAF41E66AE2100226052 /* Assets.xcassets in Resources */,
				D950AAF21E66AE2100226052 /* Main.storyboard in Resources */,
			);
			runOnlyForDeploymentPostprocessing = 0;
		};
/* End PBXResourcesBuildPhase section */

/* Begin PBXShellScriptBuildPhase section */
		03E5CDBDCA6BB93FCA6A8C52 /* [CP] Copy Pods Resources */ = {
			isa = PBXShellScriptBuildPhase;
			buildActionMask = 2147483647;
			files = (
			);
			inputPaths = (
			);
			name = "[CP] Copy Pods Resources";
			outputPaths = (
			);
			runOnlyForDeploymentPostprocessing = 0;
			shellPath = /bin/sh;
			shellScript = "\"${SRCROOT}/Pods/Target Support Files/Pods-TwitterClone/Pods-TwitterClone-resources.sh\"\n";
			showEnvVarsInLog = 0;
		};
		15FE9FA5F835D0D0AE4FC301 /* [CP] Check Pods Manifest.lock */ = {
			isa = PBXShellScriptBuildPhase;
			buildActionMask = 2147483647;
			files = (
			);
			inputPaths = (
			);
			name = "[CP] Check Pods Manifest.lock";
			outputPaths = (
			);
			runOnlyForDeploymentPostprocessing = 0;
			shellPath = /bin/sh;
			shellScript = "diff \"${PODS_ROOT}/../Podfile.lock\" \"${PODS_ROOT}/Manifest.lock\" > /dev/null\nif [ $? != 0 ] ; then\n    # print error to STDERR\n    echo \"error: The sandbox is not in sync with the Podfile.lock. Run 'pod install' or update your CocoaPods installation.\" >&2\n    exit 1\nfi\n";
			showEnvVarsInLog = 0;
		};
		E0B342872BDF67C18474E73E /* [CP] Embed Pods Frameworks */ = {
			isa = PBXShellScriptBuildPhase;
			buildActionMask = 2147483647;
			files = (
			);
			inputPaths = (
			);
			name = "[CP] Embed Pods Frameworks";
			outputPaths = (
			);
			runOnlyForDeploymentPostprocessing = 0;
			shellPath = /bin/sh;
			shellScript = "\"${SRCROOT}/Pods/Target Support Files/Pods-TwitterClone/Pods-TwitterClone-frameworks.sh\"\n";
			showEnvVarsInLog = 0;
		};
/* End PBXShellScriptBuildPhase section */

/* Begin PBXSourcesBuildPhase section */
		D950AAE51E66AE2000226052 /* Sources */ = {
			isa = PBXSourcesBuildPhase;
			buildActionMask = 2147483647;
			files = (
				D950AAED1E66AE2100226052 /* AppDelegate.swift in Sources */,
				D950AB011E68106600226052 /* TwitterClient.swift in Sources */,
				D950AAFF1E66AEED00226052 /* LoginController.swift in Sources */,
			);
			runOnlyForDeploymentPostprocessing = 0;
		};
/* End PBXSourcesBuildPhase section */

/* Begin PBXVariantGroup section */
		D950AAF01E66AE2100226052 /* Main.storyboard */ = {
			isa = PBXVariantGroup;
			children = (
				D950AAF11E66AE2100226052 /* Base */,
			);
			name = Main.storyboard;
			sourceTree = "<group>";
		};
		D950AAF51E66AE2100226052 /* LaunchScreen.storyboard */ = {
			isa = PBXVariantGroup;
			children = (
				D950AAF61E66AE2100226052 /* Base */,
			);
			name = LaunchScreen.storyboard;
			sourceTree = "<group>";
		};
/* End PBXVariantGroup section */

/* Begin XCBuildConfiguration section */
		D950AAF91E66AE2100226052 /* Debug */ = {
			isa = XCBuildConfiguration;
			buildSettings = {
				ALWAYS_SEARCH_USER_PATHS = NO;
				CLANG_ANALYZER_NONNULL = YES;
				CLANG_CXX_LANGUAGE_STANDARD = "gnu++0x";
				CLANG_CXX_LIBRARY = "libc++";
				CLANG_ENABLE_MODULES = YES;
				CLANG_ENABLE_OBJC_ARC = YES;
				CLANG_WARN_BOOL_CONVERSION = YES;
				CLANG_WARN_CONSTANT_CONVERSION = YES;
				CLANG_WARN_DIRECT_OBJC_ISA_USAGE = YES_ERROR;
				CLANG_WARN_DOCUMENTATION_COMMENTS = YES;
				CLANG_WARN_EMPTY_BODY = YES;
				CLANG_WARN_ENUM_CONVERSION = YES;
				CLANG_WARN_INFINITE_RECURSION = YES;
				CLANG_WARN_INT_CONVERSION = YES;
				CLANG_WARN_OBJC_ROOT_CLASS = YES_ERROR;
				CLANG_WARN_SUSPICIOUS_MOVE = YES;
				CLANG_WARN_UNREACHABLE_CODE = YES;
				CLANG_WARN__DUPLICATE_METHOD_MATCH = YES;
				"CODE_SIGN_IDENTITY[sdk=iphoneos*]" = "iPhone Developer";
				COPY_PHASE_STRIP = NO;
				DEBUG_INFORMATION_FORMAT = dwarf;
				ENABLE_STRICT_OBJC_MSGSEND = YES;
				ENABLE_TESTABILITY = YES;
				GCC_C_LANGUAGE_STANDARD = gnu99;
				GCC_DYNAMIC_NO_PIC = NO;
				GCC_NO_COMMON_BLOCKS = YES;
				GCC_OPTIMIZATION_LEVEL = 0;
				GCC_PREPROCESSOR_DEFINITIONS = (
					"DEBUG=1",
					"$(inherited)",
				);
				GCC_WARN_64_TO_32_BIT_CONVERSION = YES;
				GCC_WARN_ABOUT_RETURN_TYPE = YES_ERROR;
				GCC_WARN_UNDECLARED_SELECTOR = YES;
				GCC_WARN_UNINITIALIZED_AUTOS = YES_AGGRESSIVE;
				GCC_WARN_UNUSED_FUNCTION = YES;
				GCC_WARN_UNUSED_VARIABLE = YES;
				IPHONEOS_DEPLOYMENT_TARGET = 10.2;
				MTL_ENABLE_DEBUG_INFO = YES;
				ONLY_ACTIVE_ARCH = YES;
				SDKROOT = iphoneos;
				SWIFT_ACTIVE_COMPILATION_CONDITIONS = DEBUG;
				SWIFT_OPTIMIZATION_LEVEL = "-Onone";
			};
			name = Debug;
		};
		D950AAFA1E66AE2100226052 /* Release */ = {
			isa = XCBuildConfiguration;
			buildSettings = {
				ALWAYS_SEARCH_USER_PATHS = NO;
				CLANG_ANALYZER_NONNULL = YES;
				CLANG_CXX_LANGUAGE_STANDARD = "gnu++0x";
				CLANG_CXX_LIBRARY = "libc++";
				CLANG_ENABLE_MODULES = YES;
				CLANG_ENABLE_OBJC_ARC = YES;
				CLANG_WARN_BOOL_CONVERSION = YES;
				CLANG_WARN_CONSTANT_CONVERSION = YES;
				CLANG_WARN_DIRECT_OBJC_ISA_USAGE = YES_ERROR;
				CLANG_WARN_DOCUMENTATION_COMMENTS = YES;
				CLANG_WARN_EMPTY_BODY = YES;
				CLANG_WARN_ENUM_CONVERSION = YES;
				CLANG_WARN_INFINITE_RECURSION = YES;
				CLANG_WARN_INT_CONVERSION = YES;
				CLANG_WARN_OBJC_ROOT_CLASS = YES_ERROR;
				CLANG_WARN_SUSPICIOUS_MOVE = YES;
				CLANG_WARN_UNREACHABLE_CODE = YES;
				CLANG_WARN__DUPLICATE_METHOD_MATCH = YES;
				"CODE_SIGN_IDENTITY[sdk=iphoneos*]" = "iPhone Developer";
				COPY_PHASE_STRIP = NO;
				DEBUG_INFORMATION_FORMAT = "dwarf-with-dsym";
				ENABLE_NS_ASSERTIONS = NO;
				ENABLE_STRICT_OBJC_MSGSEND = YES;
				GCC_C_LANGUAGE_STANDARD = gnu99;
				GCC_NO_COMMON_BLOCKS = YES;
				GCC_WARN_64_TO_32_BIT_CONVERSION = YES;
				GCC_WARN_ABOUT_RETURN_TYPE = YES_ERROR;
				GCC_WARN_UNDECLARED_SELECTOR = YES;
				GCC_WARN_UNINITIALIZED_AUTOS = YES_AGGRESSIVE;
				GCC_WARN_UNUSED_FUNCTION = YES;
				GCC_WARN_UNUSED_VARIABLE = YES;
				IPHONEOS_DEPLOYMENT_TARGET = 10.2;
				MTL_ENABLE_DEBUG_INFO = NO;
				SDKROOT = iphoneos;
				SWIFT_OPTIMIZATION_LEVEL = "-Owholemodule";
				VALIDATE_PRODUCT = YES;
			};
			name = Release;
		};
		D950AAFC1E66AE2100226052 /* Debug */ = {
			isa = XCBuildConfiguration;
			baseConfigurationReference = 6BC03AE985C754466D19C8B7 /* Pods-TwitterClone.debug.xcconfig */;
			buildSettings = {
				ASSETCATALOG_COMPILER_APPICON_NAME = AppIcon;
				DEVELOPMENT_TEAM = D7RX787JDX;
				INFOPLIST_FILE = TwitterClone/Info.plist;
				LD_RUNPATH_SEARCH_PATHS = "$(inherited) @executable_path/Frameworks";
				PRODUCT_BUNDLE_IDENTIFIER = com.vulong.TwitterClone;
				PRODUCT_NAME = "$(TARGET_NAME)";
				SWIFT_VERSION = 3.0;
			};
			name = Debug;
		};
		D950AAFD1E66AE2100226052 /* Release */ = {
			isa = XCBuildConfiguration;
			baseConfigurationReference = 6C631EFD601D56207AFEACFA /* Pods-TwitterClone.release.xcconfig */;
			buildSettings = {
				ASSETCATALOG_COMPILER_APPICON_NAME = AppIcon;
				DEVELOPMENT_TEAM = D7RX787JDX;
				INFOPLIST_FILE = TwitterClone/Info.plist;
				LD_RUNPATH_SEARCH_PATHS = "$(inherited) @executable_path/Frameworks";
				PRODUCT_BUNDLE_IDENTIFIER = com.vulong.TwitterClone;
				PRODUCT_NAME = "$(TARGET_NAME)";
				SWIFT_VERSION = 3.0;
			};
			name = Release;
		};
/* End XCBuildConfiguration section */

/* Begin XCConfigurationList section */
		D950AAE41E66AE2000226052 /* Build configuration list for PBXProject "TwitterClone" */ = {
			isa = XCConfigurationList;
			buildConfigurations = (
				D950AAF91E66AE2100226052 /* Debug */,
				D950AAFA1E66AE2100226052 /* Release */,
			);
			defaultConfigurationIsVisible = 0;
			defaultConfigurationName = Release;
		};
		D950AAFB1E66AE2100226052 /* Build configuration list for PBXNativeTarget "TwitterClone" */ = {
			isa = XCConfigurationList;
			buildConfigurations = (
				D950AAFC1E66AE2100226052 /* Debug */,
				D950AAFD1E66AE2100226052 /* Release */,
			);
			defaultConfigurationIsVisible = 0;
			defaultConfigurationName = Release;
		};
/* End XCConfigurationList section */
	};
	rootObject = D950AAE11E66AE2000226052 /* Project object */;
}
